// !$*UTF8*$!
{
	archiveVersion = 1;
	classes = {
	};
	objectVersion = 46;
	objects = {

/* Begin PBXBuildFile section */
		3330EB411ABD916B0012EA2A /* CanvasUnitTest.cpp in Sources */ = {isa = PBXBuildFile; fileRef = 337C563E1ABD68B500512EBB /* CanvasUnitTest.cpp */; };
		3330EB421ABD916B0012EA2A /* LineUnitTest.cpp in Sources */ = {isa = PBXBuildFile; fileRef = 3330EB3C1ABD85070012EA2A /* LineUnitTest.cpp */; };
		3330EB471ABD941D0012EA2A /* Line.cpp in Sources */ = {isa = PBXBuildFile; fileRef = 3330EB461ABD941D0012EA2A /* Line.cpp */; };
		3330EB491ABD949B0012EA2A /* Rectangle.cpp in Sources */ = {isa = PBXBuildFile; fileRef = 3330EB481ABD949B0012EA2A /* Rectangle.cpp */; };
		3330EB4B1ABD95B50012EA2A /* Canvas.cpp in Sources */ = {isa = PBXBuildFile; fileRef = 3330EB4A1ABD95B50012EA2A /* Canvas.cpp */; };
		33D858771ABCD26E00EF2919 /* main.cpp in Sources */ = {isa = PBXBuildFile; fileRef = 33D858761ABCD26E00EF2919 /* main.cpp */; };
/* End PBXBuildFile section */

/* Begin PBXCopyFilesBuildPhase section */
		33D858711ABCD26E00EF2919 /* CopyFiles */ = {
			isa = PBXCopyFilesBuildPhase;
			buildActionMask = 2147483647;
			dstPath = /usr/share/man/man1/;
			dstSubfolderSpec = 0;
			files = (
			);
			runOnlyForDeploymentPostprocessing = 1;
		};
/* End PBXCopyFilesBuildPhase section */

/* Begin PBXFileReference section */
		3330EB391ABD80B20012EA2A /* Primitive.h */ = {isa = PBXFileReference; lastKnownFileType = sourcecode.c.h; path = Primitive.h; sourceTree = "<group>"; };
		3330EB3A1ABD810C0012EA2A /* Line.h */ = {isa = PBXFileReference; lastKnownFileType = sourcecode.c.h; path = Line.h; sourceTree = "<group>"; };
		3330EB3B1ABD84880012EA2A /* Rectangle.h */ = {isa = PBXFileReference; lastKnownFileType = sourcecode.c.h; path = Rectangle.h; sourceTree = "<group>"; };
		3330EB3C1ABD85070012EA2A /* LineUnitTest.cpp */ = {isa = PBXFileReference; lastKnownFileType = sourcecode.cpp.cpp; path = LineUnitTest.cpp; sourceTree = "<group>"; };
		3330EB441ABD92400012EA2A /* TestInitialiser.h */ = {isa = PBXFileReference; fileEncoding = 4; lastKnownFileType = sourcecode.c.h; path = TestInitialiser.h; sourceTree = "<group>"; };
		3330EB461ABD941D0012EA2A /* Line.cpp */ = {isa = PBXFileReference; fileEncoding = 4; lastKnownFileType = sourcecode.cpp.cpp; path = Line.cpp; sourceTree = "<group>"; };
		3330EB481ABD949B0012EA2A /* Rectangle.cpp */ = {isa = PBXFileReference; fileEncoding = 4; lastKnownFileType = sourcecode.cpp.cpp; path = Rectangle.cpp; sourceTree = "<group>"; };
		3330EB4A1ABD95B50012EA2A /* Canvas.cpp */ = {isa = PBXFileReference; fileEncoding = 4; lastKnownFileType = sourcecode.cpp.cpp; path = Canvas.cpp; sourceTree = "<group>"; };
		337C563D1ABD664200512EBB /* Exception.h */ = {isa = PBXFileReference; lastKnownFileType = sourcecode.c.h; path = Exception.h; sourceTree = "<group>"; };
		337C563E1ABD68B500512EBB /* CanvasUnitTest.cpp */ = {isa = PBXFileReference; lastKnownFileType = sourcecode.cpp.cpp; path = CanvasUnitTest.cpp; sourceTree = "<group>"; };
		33D858731ABCD26E00EF2919 /* canvas */ = {isa = PBXFileReference; explicitFileType = "compiled.mach-o.executable"; includeInIndex = 0; path = canvas; sourceTree = BUILT_PRODUCTS_DIR; };
		33D858761ABCD26E00EF2919 /* main.cpp */ = {isa = PBXFileReference; lastKnownFileType = sourcecode.cpp.cpp; path = main.cpp; sourceTree = "<group>"; };
		33D8587E1ABCD2C400EF2919 /* catch.hpp */ = {isa = PBXFileReference; fileEncoding = 4; lastKnownFileType = sourcecode.cpp.h; path = catch.hpp; sourceTree = "<group>"; };
		33D858921ABCE25200EF2919 /* Canvas.h */ = {isa = PBXFileReference; fileEncoding = 4; lastKnownFileType = sourcecode.c.h; path = Canvas.h; sourceTree = "<group>"; };
/* End PBXFileReference section */

/* Begin PBXFrameworksBuildPhase section */
		33D858701ABCD26E00EF2919 /* Frameworks */ = {
			isa = PBXFrameworksBuildPhase;
			buildActionMask = 2147483647;
			files = (
			);
			runOnlyForDeploymentPostprocessing = 0;
		};
/* End PBXFrameworksBuildPhase section */

/* Begin PBXGroup section */
		33D8586A1ABCD26E00EF2919 = {
			isa = PBXGroup;
			children = (
				33D858751ABCD26E00EF2919 /* canvas */,
				33D858741ABCD26E00EF2919 /* Products */,
				33D8587D1ABCD2C400EF2919 /* test */,
			);
			sourceTree = "<group>";
		};
		33D858741ABCD26E00EF2919 /* Products */ = {
			isa = PBXGroup;
			children = (
				33D858731ABCD26E00EF2919 /* canvas */,
			);
			name = Products;
			sourceTree = "<group>";
		};
		33D858751ABCD26E00EF2919 /* canvas */ = {
			isa = PBXGroup;
			children = (
				3330EB4A1ABD95B50012EA2A /* Canvas.cpp */,
				33D858921ABCE25200EF2919 /* Canvas.h */,
				337C563D1ABD664200512EBB /* Exception.h */,
				3330EB461ABD941D0012EA2A /* Line.cpp */,
				3330EB3A1ABD810C0012EA2A /* Line.h */,
				33D858761ABCD26E00EF2919 /* main.cpp */,
				3330EB391ABD80B20012EA2A /* Primitive.h */,
				3330EB481ABD949B0012EA2A /* Rectangle.cpp */,
				3330EB3B1ABD84880012EA2A /* Rectangle.h */,
			);
			path = canvas;
			sourceTree = "<group>";
		};
		33D8587D1ABCD2C400EF2919 /* test */ = {
			isa = PBXGroup;
			children = (
				337C563E1ABD68B500512EBB /* CanvasUnitTest.cpp */,
				33D8587E1ABCD2C400EF2919 /* catch.hpp */,
				3330EB3C1ABD85070012EA2A /* LineUnitTest.cpp */,
				3330EB441ABD92400012EA2A /* TestInitialiser.h */,
			);
			path = test;
			sourceTree = "<group>";
		};
/* End PBXGroup section */

/* Begin PBXNativeTarget section */
		33D858721ABCD26E00EF2919 /* canvas */ = {
			isa = PBXNativeTarget;
			buildConfigurationList = 33D8587A1ABCD26E00EF2919 /* Build configuration list for PBXNativeTarget "canvas" */;
			buildPhases = (
				33D8586F1ABCD26E00EF2919 /* Sources */,
				33D858701ABCD26E00EF2919 /* Frameworks */,
				33D858711ABCD26E00EF2919 /* CopyFiles */,
			);
			buildRules = (
			);
			dependencies = (
			);
			name = canvas;
			productName = canvas;
			productReference = 33D858731ABCD26E00EF2919 /* canvas */;
			productType = "com.apple.product-type.tool";
		};
/* End PBXNativeTarget section */

/* Begin PBXProject section */
		33D8586B1ABCD26E00EF2919 /* Project object */ = {
			isa = PBXProject;
			attributes = {
				LastUpgradeCheck = 0620;
				ORGANIZATIONNAME = "Jonathan Slater";
				TargetAttributes = {
					33D858721ABCD26E00EF2919 = {
						CreatedOnToolsVersion = 6.2;
					};
				};
			};
			buildConfigurationList = 33D8586E1ABCD26E00EF2919 /* Build configuration list for PBXProject "canvas" */;
			compatibilityVersion = "Xcode 3.2";
			developmentRegion = English;
			hasScannedForEncodings = 0;
			knownRegions = (
				en,
			);
			mainGroup = 33D8586A1ABCD26E00EF2919;
			productRefGroup = 33D858741ABCD26E00EF2919 /* Products */;
			projectDirPath = "";
			projectRoot = "";
			targets = (
				33D858721ABCD26E00EF2919 /* canvas */,
			);
		};
/* End PBXProject section */

/* Begin PBXSourcesBuildPhase section */
		33D8586F1ABCD26E00EF2919 /* Sources */ = {
			isa = PBXSourcesBuildPhase;
			buildActionMask = 2147483647;
			files = (
				3330EB411ABD916B0012EA2A /* CanvasUnitTest.cpp in Sources */,
				3330EB471ABD941D0012EA2A /* Line.cpp in Sources */,
				3330EB421ABD916B0012EA2A /* LineUnitTest.cpp in Sources */,
				3330EB491ABD949B0012EA2A /* Rectangle.cpp in Sources */,
				33D858771ABCD26E00EF2919 /* main.cpp in Sources */,
				3330EB4B1ABD95B50012EA2A /* Canvas.cpp in Sources */,
			);
			runOnlyForDeploymentPostprocessing = 0;
		};
/* End PBXSourcesBuildPhase section */

/* Begin XCBuildConfiguration section */
		33D858781ABCD26E00EF2919 /* Debug */ = {
			isa = XCBuildConfiguration;
			buildSettings = {
				ALWAYS_SEARCH_USER_PATHS = NO;
				CLANG_CXX_LANGUAGE_STANDARD = "gnu++0x";
				CLANG_CXX_LIBRARY = "libc++";
				CLANG_ENABLE_MODULES = YES;
				CLANG_ENABLE_OBJC_ARC = YES;
				CLANG_WARN_BOOL_CONVERSION = YES;
				CLANG_WARN_CONSTANT_CONVERSION = YES;
				CLANG_WARN_DIRECT_OBJC_ISA_USAGE = YES_ERROR;
				CLANG_WARN_EMPTY_BODY = YES;
				CLANG_WARN_ENUM_CONVERSION = YES;
				CLANG_WARN_INT_CONVERSION = YES;
				CLANG_WARN_OBJC_ROOT_CLASS = YES_ERROR;
				CLANG_WARN_UNREACHABLE_CODE = YES;
				CLANG_WARN__DUPLICATE_METHOD_MATCH = YES;
				COPY_PHASE_STRIP = NO;
				ENABLE_STRICT_OBJC_MSGSEND = YES;
				GCC_C_LANGUAGE_STANDARD = gnu99;
				GCC_DYNAMIC_NO_PIC = NO;
				GCC_OPTIMIZATION_LEVEL = 0;
				GCC_PRECOMPILE_PREFIX_HEADER = YES;
				GCC_PREPROCESSOR_DEFINITIONS = (
					"DEBUG=1",
					"$(inherited)",
				);
				GCC_SYMBOLS_PRIVATE_EXTERN = NO;
				GCC_WARN_64_TO_32_BIT_CONVERSION = YES;
				GCC_WARN_ABOUT_RETURN_TYPE = YES_ERROR;
				GCC_WARN_UNDECLARED_SELECTOR = YES;
				GCC_WARN_UNINITIALIZED_AUTOS = YES_AGGRESSIVE;
				GCC_WARN_UNUSED_FUNCTION = YES;
				GCC_WARN_UNUSED_VARIABLE = YES;
				MACOSX_DEPLOYMENT_TARGET = 10.10;
				MTL_ENABLE_DEBUG_INFO = YES;
				ONLY_ACTIVE_ARCH = YES;
				SDKROOT = macosx;
			};
			name = Debug;
		};
		33D858791ABCD26E00EF2919 /* Release */ = {
			isa = XCBuildConfiguration;
			buildSettings = {
				ALWAYS_SEARCH_USER_PATHS = NO;
				CLANG_CXX_LANGUAGE_STANDARD = "gnu++0x";
				CLANG_CXX_LIBRARY = "libc++";
				CLANG_ENABLE_MODULES = YES;
				CLANG_ENABLE_OBJC_ARC = YES;
				CLANG_WARN_BOOL_CONVERSION = YES;
				CLANG_WARN_CONSTANT_CONVERSION = YES;
				CLANG_WARN_DIRECT_OBJC_ISA_USAGE = YES_ERROR;
				CLANG_WARN_EMPTY_BODY = YES;
				CLANG_WARN_ENUM_CONVERSION = YES;
				CLANG_WARN_INT_CONVERSION = YES;
				CLANG_WARN_OBJC_ROOT_CLASS = YES_ERROR;
				CLANG_WARN_UNREACHABLE_CODE = YES;
				CLANG_WARN__DUPLICATE_METHOD_MATCH = YES;
				COPY_PHASE_STRIP = NO;
				DEBUG_INFORMATION_FORMAT = "dwarf-with-dsym";
				ENABLE_NS_ASSERTIONS = NO;
				ENABLE_STRICT_OBJC_MSGSEND = YES;
				GCC_C_LANGUAGE_STANDARD = gnu99;
				GCC_PRECOMPILE_PREFIX_HEADER = YES;
				GCC_WARN_64_TO_32_BIT_CONVERSION = YES;
				GCC_WARN_ABOUT_RETURN_TYPE = YES_ERROR;
				GCC_WARN_UNDECLARED_SELECTOR = YES;
				GCC_WARN_UNINITIALIZED_AUTOS = YES_AGGRESSIVE;
				GCC_WARN_UNUSED_FUNCTION = YES;
				GCC_WARN_UNUSED_VARIABLE = YES;
				MACOSX_DEPLOYMENT_TARGET = 10.10;
				MTL_ENABLE_DEBUG_INFO = NO;
				SDKROOT = macosx;
			};
			name = Release;
		};
		33D8587B1ABCD26E00EF2919 /* Debug */ = {
			isa = XCBuildConfiguration;
			buildSettings = {
				GCC_PRECOMPILE_PREFIX_HEADER = NO;
				PRODUCT_NAME = "$(TARGET_NAME)";
			};
			name = Debug;
		};
		33D8587C1ABCD26E00EF2919 /* Release */ = {
			isa = XCBuildConfiguration;
			buildSettings = {
				GCC_PRECOMPILE_PREFIX_HEADER = NO;
				PRODUCT_NAME = "$(TARGET_NAME)";
			};
			name = Release;
		};
/* End XCBuildConfiguration section */

/* Begin XCConfigurationList section */
		33D8586E1ABCD26E00EF2919 /* Build configuration list for PBXProject "canvas" */ = {
			isa = XCConfigurationList;
			buildConfigurations = (
				33D858781ABCD26E00EF2919 /* Debug */,
				33D858791ABCD26E00EF2919 /* Release */,
			);
			defaultConfigurationIsVisible = 0;
			defaultConfigurationName = Release;
		};
		33D8587A1ABCD26E00EF2919 /* Build configuration list for PBXNativeTarget "canvas" */ = {
			isa = XCConfigurationList;
			buildConfigurations = (
				33D8587B1ABCD26E00EF2919 /* Debug */,
				33D8587C1ABCD26E00EF2919 /* Release */,
			);
			defaultConfigurationIsVisible = 0;
			defaultConfigurationName = Release;
		};
/* End XCConfigurationList section */
	};
	rootObject = 33D8586B1ABCD26E00EF2919 /* Project object */;
}
